
Microsoft Visual Studio Solution File, Format Version 12.00
# Visual Studio Version 17
VisualStudioVersion = 17.0.32112.339
MinimumVisualStudioVersion = 10.0.40219.1
Project("{FAE04EC0-301F-11D3-BF4B-00C04F79EFBC}") = "PI_2022_I_L7_EQUIPO3", "PI_2022_I_L7_EQUIPO3\PI_2022_I_L7_EQUIPO3.csproj", "{CED27610-6568-4182-B854-0EA04553B23A}"
EndProject
Global
	GlobalSection(SolutionConfigurationPlatforms) = preSolution
		Debug|Any CPU = Debug|Any CPU
		Release|Any CPU = Release|Any CPU
	EndGlobalSection
	GlobalSection(ProjectConfigurationPlatforms) = postSolution
		{CED27610-6568-4182-B854-0EA04553B23A}.Debug|Any CPU.ActiveCfg = Debug|Any CPU
		{CED27610-6568-4182-B854-0EA04553B23A}.Debug|Any CPU.Build.0 = Debug|Any CPU
		{CED27610-6568-4182-B854-0EA04553B23A}.Release|Any CPU.ActiveCfg = Release|Any CPU
		{CED27610-6568-4182-B854-0EA04553B23A}.Release|Any CPU.Build.0 = Release|Any CPU
	EndGlobalSection
	GlobalSection(SolutionProperties) = preSolution
		HideSolutionNode = FALSE
	EndGlobalSection
	GlobalSection(ExtensibilityGlobals) = postSolution
		SolutionGuid = {47AB04FE-A6E2-4111-90D0-A11BB5AD15FE}
	EndGlobalSection
EndGlobal
