
Microsoft Visual Studio Solution File, Format Version 12.00
# Visual Studio Version 17
VisualStudioVersion = 17.0.32112.339
MinimumVisualStudioVersion = 10.0.40219.1
Project("{FAE04EC0-301F-11D3-BF4B-00C04F79EFBC}") = "PI_2022_I_L8_EQUIPO3", "PI_2022_I_L8_EQUIPO3\PI_2022_I_L8_EQUIPO3.csproj", "{F9B3A417-C5A4-40FD-8EFC-9FDAB2A137A9}"
EndProject
Global
	GlobalSection(SolutionConfigurationPlatforms) = preSolution
		Debug|Any CPU = Debug|Any CPU
		Release|Any CPU = Release|Any CPU
	EndGlobalSection
	GlobalSection(ProjectConfigurationPlatforms) = postSolution
		{F9B3A417-C5A4-40FD-8EFC-9FDAB2A137A9}.Debug|Any CPU.ActiveCfg = Debug|Any CPU
		{F9B3A417-C5A4-40FD-8EFC-9FDAB2A137A9}.Debug|Any CPU.Build.0 = Debug|Any CPU
		{F9B3A417-C5A4-40FD-8EFC-9FDAB2A137A9}.Release|Any CPU.ActiveCfg = Release|Any CPU
		{F9B3A417-C5A4-40FD-8EFC-9FDAB2A137A9}.Release|Any CPU.Build.0 = Release|Any CPU
	EndGlobalSection
	GlobalSection(SolutionProperties) = preSolution
		HideSolutionNode = FALSE
	EndGlobalSection
	GlobalSection(ExtensibilityGlobals) = postSolution
		SolutionGuid = {A23FA06C-2BFB-4A04-946C-91A660FED224}
	EndGlobalSection
EndGlobal
